// !$*UTF8*$!
{
	archiveVersion = 1;
	classes = {
	};
	objectVersion = 56;
	objects = {

/* Begin PBXBuildFile section */
		043B19782DA82D640056FC61 /* CollectionViewCell.swift in Sources */ = {isa = PBXBuildFile; fileRef = 043B19762DA82D640056FC61 /* CollectionViewCell.swift */; };
		043B19792DA82D640056FC61 /* CollectionViewCell.xib in Resources */ = {isa = PBXBuildFile; fileRef = 043B19772DA82D640056FC61 /* CollectionViewCell.xib */; };
		04701CE72DA52721006CA849 /* AppDelegate.swift in Sources */ = {isa = PBXBuildFile; fileRef = 04701CE62DA52721006CA849 /* AppDelegate.swift */; };
		04701CE92DA52721006CA849 /* SceneDelegate.swift in Sources */ = {isa = PBXBuildFile; fileRef = 04701CE82DA52721006CA849 /* SceneDelegate.swift */; };
		04701CEB2DA52721006CA849 /* ViewController.swift in Sources */ = {isa = PBXBuildFile; fileRef = 04701CEA2DA52721006CA849 /* ViewController.swift */; };
		04701CEE2DA52721006CA849 /* Main.storyboard in Resources */ = {isa = PBXBuildFile; fileRef = 04701CEC2DA52721006CA849 /* Main.storyboard */; };
		04701CF02DA52724006CA849 /* Assets.xcassets in Resources */ = {isa = PBXBuildFile; fileRef = 04701CEF2DA52724006CA849 /* Assets.xcassets */; };
		04701CF32DA52724006CA849 /* LaunchScreen.storyboard in Resources */ = {isa = PBXBuildFile; fileRef = 04701CF12DA52724006CA849 /* LaunchScreen.storyboard */; };
		04701CFB2DA52B18006CA849 /* Constants.swift in Sources */ = {isa = PBXBuildFile; fileRef = 04701CFA2DA52B18006CA849 /* Constants.swift */; };
		04701CFD2DA52B67006CA849 /* Cart.swift in Sources */ = {isa = PBXBuildFile; fileRef = 04701CFC2DA52B67006CA849 /* Cart.swift */; };
		04701CFF2DA52B8A006CA849 /* Products.swift in Sources */ = {isa = PBXBuildFile; fileRef = 04701CFE2DA52B8A006CA849 /* Products.swift */; };
		04701D012DA52CD4006CA849 /* APIResponse.swift in Sources */ = {isa = PBXBuildFile; fileRef = 04701D002DA52CD4006CA849 /* APIResponse.swift */; };
		04BD66842DA66B8100C6B05A /* CartTableViewCell.swift in Sources */ = {isa = PBXBuildFile; fileRef = 04BD66822DA66B8000C6B05A /* CartTableViewCell.swift */; };
		04BD66852DA66B8100C6B05A /* CartTableViewCell.xib in Resources */ = {isa = PBXBuildFile; fileRef = 04BD66832DA66B8000C6B05A /* CartTableViewCell.xib */; };
		77568347CCD331C92D0C0845 /* Pods_webService_Demo.framework in Frameworks */ = {isa = PBXBuildFile; fileRef = 94057522EF584AE4F07856A1 /* Pods_webService_Demo.framework */; };
/* End PBXBuildFile section */

/* Begin PBXFileReference section */
		043B19762DA82D640056FC61 /* CollectionViewCell.swift */ = {isa = PBXFileReference; lastKnownFileType = sourcecode.swift; path = CollectionViewCell.swift; sourceTree = "<group>"; };
		043B19772DA82D640056FC61 /* CollectionViewCell.xib */ = {isa = PBXFileReference; lastKnownFileType = file.xib; path = CollectionViewCell.xib; sourceTree = "<group>"; };
		04701CE32DA52721006CA849 /* webService_Demo.app */ = {isa = PBXFileReference; explicitFileType = wrapper.application; includeInIndex = 0; path = webService_Demo.app; sourceTree = BUILT_PRODUCTS_DIR; };
		04701CE62DA52721006CA849 /* AppDelegate.swift */ = {isa = PBXFileReference; lastKnownFileType = sourcecode.swift; path = AppDelegate.swift; sourceTree = "<group>"; };
		04701CE82DA52721006CA849 /* SceneDelegate.swift */ = {isa = PBXFileReference; lastKnownFileType = sourcecode.swift; path = SceneDelegate.swift; sourceTree = "<group>"; };
		04701CEA2DA52721006CA849 /* ViewController.swift */ = {isa = PBXFileReference; lastKnownFileType = sourcecode.swift; path = ViewController.swift; sourceTree = "<group>"; };
		04701CED2DA52721006CA849 /* Base */ = {isa = PBXFileReference; lastKnownFileType = file.storyboard; name = Base; path = Base.lproj/Main.storyboard; sourceTree = "<group>"; };
		04701CEF2DA52724006CA849 /* Assets.xcassets */ = {isa = PBXFileReference; lastKnownFileType = folder.assetcatalog; path = Assets.xcassets; sourceTree = "<group>"; };
		04701CF22DA52724006CA849 /* Base */ = {isa = PBXFileReference; lastKnownFileType = file.storyboard; name = Base; path = Base.lproj/LaunchScreen.storyboard; sourceTree = "<group>"; };
		04701CF42DA52724006CA849 /* Info.plist */ = {isa = PBXFileReference; lastKnownFileType = text.plist.xml; path = Info.plist; sourceTree = "<group>"; };
		04701CFA2DA52B18006CA849 /* Constants.swift */ = {isa = PBXFileReference; lastKnownFileType = sourcecode.swift; path = Constants.swift; sourceTree = "<group>"; };
		04701CFC2DA52B67006CA849 /* Cart.swift */ = {isa = PBXFileReference; lastKnownFileType = sourcecode.swift; path = Cart.swift; sourceTree = "<group>"; };
		04701CFE2DA52B8A006CA849 /* Products.swift */ = {isa = PBXFileReference; lastKnownFileType = sourcecode.swift; path = Products.swift; sourceTree = "<group>"; };
		04701D002DA52CD4006CA849 /* APIResponse.swift */ = {isa = PBXFileReference; lastKnownFileType = sourcecode.swift; path = APIResponse.swift; sourceTree = "<group>"; };
		04BD66822DA66B8000C6B05A /* CartTableViewCell.swift */ = {isa = PBXFileReference; lastKnownFileType = sourcecode.swift; path = CartTableViewCell.swift; sourceTree = "<group>"; };
		04BD66832DA66B8000C6B05A /* CartTableViewCell.xib */ = {isa = PBXFileReference; lastKnownFileType = file.xib; path = CartTableViewCell.xib; sourceTree = "<group>"; };
		94057522EF584AE4F07856A1 /* Pods_webService_Demo.framework */ = {isa = PBXFileReference; explicitFileType = wrapper.framework; includeInIndex = 0; path = Pods_webService_Demo.framework; sourceTree = BUILT_PRODUCTS_DIR; };
		A40FE09DBC049ED7BC753A2D /* Pods-webService_Demo.release.xcconfig */ = {isa = PBXFileReference; includeInIndex = 1; lastKnownFileType = text.xcconfig; name = "Pods-webService_Demo.release.xcconfig"; path = "Target Support Files/Pods-webService_Demo/Pods-webService_Demo.release.xcconfig"; sourceTree = "<group>"; };
		AFAD36797064998A35579BFA /* Pods-webService_Demo.debug.xcconfig */ = {isa = PBXFileReference; includeInIndex = 1; lastKnownFileType = text.xcconfig; name = "Pods-webService_Demo.debug.xcconfig"; path = "Target Support Files/Pods-webService_Demo/Pods-webService_Demo.debug.xcconfig"; sourceTree = "<group>"; };
/* End PBXFileReference section */

/* Begin PBXFrameworksBuildPhase section */
		04701CE02DA52721006CA849 /* Frameworks */ = {
			isa = PBXFrameworksBuildPhase;
			buildActionMask = 2147483647;
			files = (
				77568347CCD331C92D0C0845 /* Pods_webService_Demo.framework in Frameworks */,
			);
			runOnlyForDeploymentPostprocessing = 0;
		};
/* End PBXFrameworksBuildPhase section */

/* Begin PBXGroup section */
		04701CDA2DA52721006CA849 = {
			isa = PBXGroup;
			children = (
				04701CE52DA52721006CA849 /* webService_Demo */,
				04701CE42DA52721006CA849 /* Products */,
				84DCDF78292BC6CD92D147D8 /* Pods */,
				40EB3D42B7D2BA1052CB247E /* Frameworks */,
			);
			sourceTree = "<group>";
		};
		04701CE42DA52721006CA849 /* Products */ = {
			isa = PBXGroup;
			children = (
				04701CE32DA52721006CA849 /* webService_Demo.app */,
			);
			name = Products;
			sourceTree = "<group>";
		};
		04701CE52DA52721006CA849 /* webService_Demo */ = {
			isa = PBXGroup;
			children = (
				04701CE62DA52721006CA849 /* AppDelegate.swift */,
				04701CE82DA52721006CA849 /* SceneDelegate.swift */,
				04701CEA2DA52721006CA849 /* ViewController.swift */,
				04701CEC2DA52721006CA849 /* Main.storyboard */,
				04701CEF2DA52724006CA849 /* Assets.xcassets */,
				04701CF12DA52724006CA849 /* LaunchScreen.storyboard */,
				04701CF42DA52724006CA849 /* Info.plist */,
				04701CFA2DA52B18006CA849 /* Constants.swift */,
				04701CFC2DA52B67006CA849 /* Cart.swift */,
				04701CFE2DA52B8A006CA849 /* Products.swift */,
				04701D002DA52CD4006CA849 /* APIResponse.swift */,
				04BD66822DA66B8000C6B05A /* CartTableViewCell.swift */,
				04BD66832DA66B8000C6B05A /* CartTableViewCell.xib */,
				043B19762DA82D640056FC61 /* CollectionViewCell.swift */,
				043B19772DA82D640056FC61 /* CollectionViewCell.xib */,
			);
			path = webService_Demo;
			sourceTree = "<group>";
		};
		40EB3D42B7D2BA1052CB247E /* Frameworks */ = {
			isa = PBXGroup;
			children = (
				94057522EF584AE4F07856A1 /* Pods_webService_Demo.framework */,
			);
			name = Frameworks;
			sourceTree = "<group>";
		};
		84DCDF78292BC6CD92D147D8 /* Pods */ = {
			isa = PBXGroup;
			children = (
				AFAD36797064998A35579BFA /* Pods-webService_Demo.debug.xcconfig */,
				A40FE09DBC049ED7BC753A2D /* Pods-webService_Demo.release.xcconfig */,
			);
			path = Pods;
			sourceTree = "<group>";
		};
/* End PBXGroup section */

/* Begin PBXNativeTarget section */
		04701CE22DA52721006CA849 /* webService_Demo */ = {
			isa = PBXNativeTarget;
			buildConfigurationList = 04701CF72DA52724006CA849 /* Build configuration list for PBXNativeTarget "webService_Demo" */;
			buildPhases = (
				23527B77BA64D84F2EB9BFFA /* [CP] Check Pods Manifest.lock */,
				04701CDF2DA52721006CA849 /* Sources */,
				04701CE02DA52721006CA849 /* Frameworks */,
				04701CE12DA52721006CA849 /* Resources */,
				290BA38E276A6CEC591130C9 /* [CP] Embed Pods Frameworks */,
			);
			buildRules = (
			);
			dependencies = (
			);
			name = webService_Demo;
			productName = webService_Demo;
			productReference = 04701CE32DA52721006CA849 /* webService_Demo.app */;
			productType = "com.apple.product-type.application";
		};
/* End PBXNativeTarget section */

/* Begin PBXProject section */
		04701CDB2DA52721006CA849 /* Project object */ = {
			isa = PBXProject;
			attributes = {
				BuildIndependentTargetsInParallel = 1;
				LastSwiftUpdateCheck = 1520;
				LastUpgradeCheck = 1520;
				TargetAttributes = {
					04701CE22DA52721006CA849 = {
						CreatedOnToolsVersion = 15.2;
					};
				};
			};
			buildConfigurationList = 04701CDE2DA52721006CA849 /* Build configuration list for PBXProject "webService_Demo" */;
			compatibilityVersion = "Xcode 14.0";
			developmentRegion = en;
			hasScannedForEncodings = 0;
			knownRegions = (
				en,
				Base,
			);
			mainGroup = 04701CDA2DA52721006CA849;
			productRefGroup = 04701CE42DA52721006CA849 /* Products */;
			projectDirPath = "";
			projectRoot = "";
			targets = (
				04701CE22DA52721006CA849 /* webService_Demo */,
			);
		};
/* End PBXProject section */

/* Begin PBXResourcesBuildPhase section */
		04701CE12DA52721006CA849 /* Resources */ = {
			isa = PBXResourcesBuildPhase;
			buildActionMask = 2147483647;
			files = (
				04701CF32DA52724006CA849 /* LaunchScreen.storyboard in Resources */,
				04701CF02DA52724006CA849 /* Assets.xcassets in Resources */,
				04701CEE2DA52721006CA849 /* Main.storyboard in Resources */,
				04BD66852DA66B8100C6B05A /* CartTableViewCell.xib in Resources */,
				043B19792DA82D640056FC61 /* CollectionViewCell.xib in Resources */,
			);
			runOnlyForDeploymentPostprocessing = 0;
		};
/* End PBXResourcesBuildPhase section */

/* Begin PBXShellScriptBuildPhase section */
		23527B77BA64D84F2EB9BFFA /* [CP] Check Pods Manifest.lock */ = {
			isa = PBXShellScriptBuildPhase;
			buildActionMask = 2147483647;
			files = (
			);
			inputFileListPaths = (
			);
			inputPaths = (
				"${PODS_PODFILE_DIR_PATH}/Podfile.lock",
				"${PODS_ROOT}/Manifest.lock",
			);
			name = "[CP] Check Pods Manifest.lock";
			outputFileListPaths = (
			);
			outputPaths = (
				"$(DERIVED_FILE_DIR)/Pods-webService_Demo-checkManifestLockResult.txt",
			);
			runOnlyForDeploymentPostprocessing = 0;
			shellPath = /bin/sh;
			shellScript = "diff \"${PODS_PODFILE_DIR_PATH}/Podfile.lock\" \"${PODS_ROOT}/Manifest.lock\" > /dev/null\nif [ $? != 0 ] ; then\n    # print error to STDERR\n    echo \"error: The sandbox is not in sync with the Podfile.lock. Run 'pod install' or update your CocoaPods installation.\" >&2\n    exit 1\nfi\n# This output is used by Xcode 'outputs' to avoid re-running this script phase.\necho \"SUCCESS\" > \"${SCRIPT_OUTPUT_FILE_0}\"\n";
			showEnvVarsInLog = 0;
		};
		290BA38E276A6CEC591130C9 /* [CP] Embed Pods Frameworks */ = {
			isa = PBXShellScriptBuildPhase;
			buildActionMask = 2147483647;
			files = (
			);
			inputFileListPaths = (
				"${PODS_ROOT}/Target Support Files/Pods-webService_Demo/Pods-webService_Demo-frameworks-${CONFIGURATION}-input-files.xcfilelist",
			);
			name = "[CP] Embed Pods Frameworks";
			outputFileListPaths = (
				"${PODS_ROOT}/Target Support Files/Pods-webService_Demo/Pods-webService_Demo-frameworks-${CONFIGURATION}-output-files.xcfilelist",
			);
			runOnlyForDeploymentPostprocessing = 0;
			shellPath = /bin/sh;
			shellScript = "\"${PODS_ROOT}/Target Support Files/Pods-webService_Demo/Pods-webService_Demo-frameworks.sh\"\n";
			showEnvVarsInLog = 0;
		};
/* End PBXShellScriptBuildPhase section */

/* Begin PBXSourcesBuildPhase section */
		04701CDF2DA52721006CA849 /* Sources */ = {
			isa = PBXSourcesBuildPhase;
			buildActionMask = 2147483647;
			files = (
				04701D012DA52CD4006CA849 /* APIResponse.swift in Sources */,
				04701CEB2DA52721006CA849 /* ViewController.swift in Sources */,
				043B19782DA82D640056FC61 /* CollectionViewCell.swift in Sources */,
				04701CE72DA52721006CA849 /* AppDelegate.swift in Sources */,
				04701CFD2DA52B67006CA849 /* Cart.swift in Sources */,
				04701CFF2DA52B8A006CA849 /* Products.swift in Sources */,
				04701CE92DA52721006CA849 /* SceneDelegate.swift in Sources */,
				04701CFB2DA52B18006CA849 /* Constants.swift in Sources */,
				04BD66842DA66B8100C6B05A /* CartTableViewCell.swift in Sources */,
			);
			runOnlyForDeploymentPostprocessing = 0;
		};
/* End PBXSourcesBuildPhase section */

/* Begin PBXVariantGroup section */
		04701CEC2DA52721006CA849 /* Main.storyboard */ = {
			isa = PBXVariantGroup;
			children = (
				04701CED2DA52721006CA849 /* Base */,
			);
			name = Main.storyboard;
			sourceTree = "<group>";
		};
		04701CF12DA52724006CA849 /* LaunchScreen.storyboard */ = {
			isa = PBXVariantGroup;
			children = (
				04701CF22DA52724006CA849 /* Base */,
			);
			name = LaunchScreen.storyboard;
			sourceTree = "<group>";
		};
/* End PBXVariantGroup section */

/* Begin XCBuildConfiguration section */
		04701CF52DA52724006CA849 /* Debug */ = {
			isa = XCBuildConfiguration;
			buildSettings = {
				ALWAYS_SEARCH_USER_PATHS = NO;
				ASSETCATALOG_COMPILER_GENERATE_SWIFT_ASSET_SYMBOL_EXTENSIONS = YES;
				CLANG_ANALYZER_NONNULL = YES;
				CLANG_ANALYZER_NUMBER_OBJECT_CONVERSION = YES_AGGRESSIVE;
				CLANG_CXX_LANGUAGE_STANDARD = "gnu++20";
				CLANG_ENABLE_MODULES = YES;
				CLANG_ENABLE_OBJC_ARC = YES;
				CLANG_ENABLE_OBJC_WEAK = YES;
				CLANG_WARN_BLOCK_CAPTURE_AUTORELEASING = YES;
				CLANG_WARN_BOOL_CONVERSION = YES;
				CLANG_WARN_COMMA = YES;
				CLANG_WARN_CONSTANT_CONVERSION = YES;
				CLANG_WARN_DEPRECATED_OBJC_IMPLEMENTATIONS = YES;
				CLANG_WARN_DIRECT_OBJC_ISA_USAGE = YES_ERROR;
				CLANG_WARN_DOCUMENTATION_COMMENTS = YES;
				CLANG_WARN_EMPTY_BODY = YES;
				CLANG_WARN_ENUM_CONVERSION = YES;
				CLANG_WARN_INFINITE_RECURSION = YES;
				CLANG_WARN_INT_CONVERSION = YES;
				CLANG_WARN_NON_LITERAL_NULL_CONVERSION = YES;
				CLANG_WARN_OBJC_IMPLICIT_RETAIN_SELF = YES;
				CLANG_WARN_OBJC_LITERAL_CONVERSION = YES;
				CLANG_WARN_OBJC_ROOT_CLASS = YES_ERROR;
				CLANG_WARN_QUOTED_INCLUDE_IN_FRAMEWORK_HEADER = YES;
				CLANG_WARN_RANGE_LOOP_ANALYSIS = YES;
				CLANG_WARN_STRICT_PROTOTYPES = YES;
				CLANG_WARN_SUSPICIOUS_MOVE = YES;
				CLANG_WARN_UNGUARDED_AVAILABILITY = YES_AGGRESSIVE;
				CLANG_WARN_UNREACHABLE_CODE = YES;
				CLANG_WARN__DUPLICATE_METHOD_MATCH = YES;
				COPY_PHASE_STRIP = NO;
				DEBUG_INFORMATION_FORMAT = dwarf;
				ENABLE_STRICT_OBJC_MSGSEND = YES;
				ENABLE_TESTABILITY = YES;
				ENABLE_USER_SCRIPT_SANDBOXING = NO;
				GCC_C_LANGUAGE_STANDARD = gnu17;
				GCC_DYNAMIC_NO_PIC = NO;
				GCC_NO_COMMON_BLOCKS = YES;
				GCC_OPTIMIZATION_LEVEL = 0;
				GCC_PREPROCESSOR_DEFINITIONS = (
					"DEBUG=1",
					"$(inherited)",
				);
				GCC_WARN_64_TO_32_BIT_CONVERSION = YES;
				GCC_WARN_ABOUT_RETURN_TYPE = YES_ERROR;
				GCC_WARN_UNDECLARED_SELECTOR = YES;
				GCC_WARN_UNINITIALIZED_AUTOS = YES_AGGRESSIVE;
				GCC_WARN_UNUSED_FUNCTION = YES;
				GCC_WARN_UNUSED_VARIABLE = YES;
				IPHONEOS_DEPLOYMENT_TARGET = 17.2;
				LOCALIZATION_PREFERS_STRING_CATALOGS = YES;
				MTL_ENABLE_DEBUG_INFO = INCLUDE_SOURCE;
				MTL_FAST_MATH = YES;
				ONLY_ACTIVE_ARCH = YES;
				SDKROOT = iphoneos;
				SWIFT_ACTIVE_COMPILATION_CONDITIONS = "DEBUG $(inherited)";
				SWIFT_OPTIMIZATION_LEVEL = "-Onone";
			};
			name = Debug;
		};
		04701CF62DA52724006CA849 /* Release */ = {
			isa = XCBuildConfiguration;
			buildSettings = {
				ALWAYS_SEARCH_USER_PATHS = NO;
				ASSETCATALOG_COMPILER_GENERATE_SWIFT_ASSET_SYMBOL_EXTENSIONS = YES;
				CLANG_ANALYZER_NONNULL = YES;
				CLANG_ANALYZER_NUMBER_OBJECT_CONVERSION = YES_AGGRESSIVE;
				CLANG_CXX_LANGUAGE_STANDARD = "gnu++20";
				CLANG_ENABLE_MODULES = YES;
				CLANG_ENABLE_OBJC_ARC = YES;
				CLANG_ENABLE_OBJC_WEAK = YES;
				CLANG_WARN_BLOCK_CAPTURE_AUTORELEASING = YES;
				CLANG_WARN_BOOL_CONVERSION = YES;
				CLANG_WARN_COMMA = YES;
				CLANG_WARN_CONSTANT_CONVERSION = YES;
				CLANG_WARN_DEPRECATED_OBJC_IMPLEMENTATIONS = YES;
				CLANG_WARN_DIRECT_OBJC_ISA_USAGE = YES_ERROR;
				CLANG_WARN_DOCUMENTATION_COMMENTS = YES;
				CLANG_WARN_EMPTY_BODY = YES;
				CLANG_WARN_ENUM_CONVERSION = YES;
				CLANG_WARN_INFINITE_RECURSION = YES;
				CLANG_WARN_INT_CONVERSION = YES;
				CLANG_WARN_NON_LITERAL_NULL_CONVERSION = YES;
				CLANG_WARN_OBJC_IMPLICIT_RETAIN_SELF = YES;
				CLANG_WARN_OBJC_LITERAL_CONVERSION = YES;
				CLANG_WARN_OBJC_ROOT_CLASS = YES_ERROR;
				CLANG_WARN_QUOTED_INCLUDE_IN_FRAMEWORK_HEADER = YES;
				CLANG_WARN_RANGE_LOOP_ANALYSIS = YES;
				CLANG_WARN_STRICT_PROTOTYPES = YES;
				CLANG_WARN_SUSPICIOUS_MOVE = YES;
				CLANG_WARN_UNGUARDED_AVAILABILITY = YES_AGGRESSIVE;
				CLANG_WARN_UNREACHABLE_CODE = YES;
				CLANG_WARN__DUPLICATE_METHOD_MATCH = YES;
				COPY_PHASE_STRIP = NO;
				DEBUG_INFORMATION_FORMAT = "dwarf-with-dsym";
				ENABLE_NS_ASSERTIONS = NO;
				ENABLE_STRICT_OBJC_MSGSEND = YES;
				ENABLE_USER_SCRIPT_SANDBOXING = NO;
				GCC_C_LANGUAGE_STANDARD = gnu17;
				GCC_NO_COMMON_BLOCKS = YES;
				GCC_WARN_64_TO_32_BIT_CONVERSION = YES;
				GCC_WARN_ABOUT_RETURN_TYPE = YES_ERROR;
				GCC_WARN_UNDECLARED_SELECTOR = YES;
				GCC_WARN_UNINITIALIZED_AUTOS = YES_AGGRESSIVE;
				GCC_WARN_UNUSED_FUNCTION = YES;
				GCC_WARN_UNUSED_VARIABLE = YES;
				IPHONEOS_DEPLOYMENT_TARGET = 17.2;
				LOCALIZATION_PREFERS_STRING_CATALOGS = YES;
				MTL_ENABLE_DEBUG_INFO = NO;
				MTL_FAST_MATH = YES;
				SDKROOT = iphoneos;
				SWIFT_COMPILATION_MODE = wholemodule;
				VALIDATE_PRODUCT = YES;
			};
			name = Release;
		};
		04701CF82DA52724006CA849 /* Debug */ = {
			isa = XCBuildConfiguration;
			baseConfigurationReference = AFAD36797064998A35579BFA /* Pods-webService_Demo.debug.xcconfig */;
			buildSettings = {
				ASSETCATALOG_COMPILER_APPICON_NAME = AppIcon;
				ASSETCATALOG_COMPILER_GLOBAL_ACCENT_COLOR_NAME = AccentColor;
				CODE_SIGN_STYLE = Automatic;
				CURRENT_PROJECT_VERSION = 1;
				GENERATE_INFOPLIST_FILE = YES;
				INFOPLIST_FILE = webService_Demo/Info.plist;
				INFOPLIST_KEY_UIApplicationSupportsIndirectInputEvents = YES;
				INFOPLIST_KEY_UILaunchStoryboardName = LaunchScreen;
				INFOPLIST_KEY_UIMainStoryboardFile = Main;
				INFOPLIST_KEY_UISupportedInterfaceOrientations_iPad = "UIInterfaceOrientationPortrait UIInterfaceOrientationPortraitUpsideDown UIInterfaceOrientationLandscapeLeft UIInterfaceOrientationLandscapeRight";
				INFOPLIST_KEY_UISupportedInterfaceOrientations_iPhone = "UIInterfaceOrientationPortrait UIInterfaceOrientationLandscapeLeft UIInterfaceOrientationLandscapeRight";
				LD_RUNPATH_SEARCH_PATHS = (
					"$(inherited)",
					"@executable_path/Frameworks",
				);
				MARKETING_VERSION = 1.0;
				PRODUCT_BUNDLE_IDENTIFIER = "in.sakshi.webService-Demo";
				PRODUCT_NAME = "$(TARGET_NAME)";
				SWIFT_EMIT_LOC_STRINGS = YES;
				SWIFT_VERSION = 5.0;
				TARGETED_DEVICE_FAMILY = "1,2";
			};
			name = Debug;
		};
		04701CF92DA52724006CA849 /* Release */ = {
			isa = XCBuildConfiguration;
			baseConfigurationReference = A40FE09DBC049ED7BC753A2D /* Pods-webService_Demo.release.xcconfig */;
			buildSettings = {
				ASSETCATALOG_COMPILER_APPICON_NAME = AppIcon;
				ASSETCATALOG_COMPILER_GLOBAL_ACCENT_COLOR_NAME = AccentColor;
				CODE_SIGN_STYLE = Automatic;
				CURRENT_PROJECT_VERSION = 1;
				GENERATE_INFOPLIST_FILE = YES;
				INFOPLIST_FILE = webService_Demo/Info.plist;
				INFOPLIST_KEY_UIApplicationSupportsIndirectInputEvents = YES;
				INFOPLIST_KEY_UILaunchStoryboardName = LaunchScreen;
				INFOPLIST_KEY_UIMainStoryboardFile = Main;
				INFOPLIST_KEY_UISupportedInterfaceOrientations_iPad = "UIInterfaceOrientationPortrait UIInterfaceOrientationPortraitUpsideDown UIInterfaceOrientationLandscapeLeft UIInterfaceOrientationLandscapeRight";
				INFOPLIST_KEY_UISupportedInterfaceOrientations_iPhone = "UIInterfaceOrientationPortrait UIInterfaceOrientationLandscapeLeft UIInterfaceOrientationLandscapeRight";
				LD_RUNPATH_SEARCH_PATHS = (
					"$(inherited)",
					"@executable_path/Frameworks",
				);
				MARKETING_VERSION = 1.0;
				PRODUCT_BUNDLE_IDENTIFIER = "in.sakshi.webService-Demo";
				PRODUCT_NAME = "$(TARGET_NAME)";
				SWIFT_EMIT_LOC_STRINGS = YES;
				SWIFT_VERSION = 5.0;
				TARGETED_DEVICE_FAMILY = "1,2";
			};
			name = Release;
		};
/* End XCBuildConfiguration section */

/* Begin XCConfigurationList section */
		04701CDE2DA52721006CA849 /* Build configuration list for PBXProject "webService_Demo" */ = {
			isa = XCConfigurationList;
			buildConfigurations = (
				04701CF52DA52724006CA849 /* Debug */,
				04701CF62DA52724006CA849 /* Release */,
			);
			defaultConfigurationIsVisible = 0;
			defaultConfigurationName = Release;
		};
		04701CF72DA52724006CA849 /* Build configuration list for PBXNativeTarget "webService_Demo" */ = {
			isa = XCConfigurationList;
			buildConfigurations = (
				04701CF82DA52724006CA849 /* Debug */,
				04701CF92DA52724006CA849 /* Release */,
			);
			defaultConfigurationIsVisible = 0;
			defaultConfigurationName = Release;
		};
/* End XCConfigurationList section */
	};
	rootObject = 04701CDB2DA52721006CA849 /* Project object */;
}
